
Microsoft Visual Studio Solution File, Format Version 11.00
# Visual Studio 2010
Project("{FAE04EC0-301F-11D3-BF4B-00C04F79EFBC}") = "Assembly-CSharp", "Assembly-CSharp.csproj", "{2802759E-02A5-17D4-C165-C5B8302BBF60}"
EndProject
Project("{FAE04EC0-301F-11D3-BF4B-00C04F79EFBC}") = "Assembly-CSharp-Editor", "Assembly-CSharp-Editor.csproj", "{CC8192E1-EA5C-855E-FC31-B19993001AA6}"
EndProject
Global
	GlobalSection(SolutionConfigurationPlatforms) = preSolution
		Debug|Any CPU = Debug|Any CPU
		Release|Any CPU = Release|Any CPU
	EndGlobalSection
	GlobalSection(ProjectConfigurationPlatforms) = postSolution
		{2802759E-02A5-17D4-C165-C5B8302BBF60}.Debug|Any CPU.ActiveCfg = Debug|Any CPU
		{2802759E-02A5-17D4-C165-C5B8302BBF60}.Debug|Any CPU.Build.0 = Debug|Any CPU
		{2802759E-02A5-17D4-C165-C5B8302BBF60}.Release|Any CPU.ActiveCfg = Release|Any CPU
		{2802759E-02A5-17D4-C165-C5B8302BBF60}.Release|Any CPU.Build.0 = Release|Any CPU
		{CC8192E1-EA5C-855E-FC31-B19993001AA6}.Debug|Any CPU.ActiveCfg = Debug|Any CPU
		{CC8192E1-EA5C-855E-FC31-B19993001AA6}.Debug|Any CPU.Build.0 = Debug|Any CPU
		{CC8192E1-EA5C-855E-FC31-B19993001AA6}.Release|Any CPU.ActiveCfg = Release|Any CPU
		{CC8192E1-EA5C-855E-FC31-B19993001AA6}.Release|Any CPU.Build.0 = Release|Any CPU
	EndGlobalSection
	GlobalSection(SolutionProperties) = preSolution
		HideSolutionNode = FALSE
	EndGlobalSection
EndGlobal
